{
  "version": 1,
  "dependencies": {
    ".NETFramework,Version=v4.0": {
      "AjaxMin": {
        "type": "Direct",
        "requested": "[4.84.4790.14417, 4.84.4790.14417]",
        "resolved": "4.84.4790.14417",
        "contentHash": "DO0n4oj6EfNW9ut/5aXlJXQ2CQdrWeVnwKd1kBe7W0loUl3QxvQ+4hbJaMBmMIwIB2BWfLAQr6dgjk0yju9xTQ=="
      }
    }
  }
}