{
  "version": 1,
  "dependencies": {
    ".NETFramework,Version=v4.0,Profile=Client": {
      "Jurassic": {
        "type": "Direct",
        "requested": "[2.1.1, 2.1.1]",
        "resolved": "2.1.1",
        "contentHash": "/yC78uTIRiU+CzMpZaepSDlDoR/QYzAuZCHzSLxdATLGbkJHmJB9gL4RN6BqsmEpK5f5955Ibk7GHnUzldwQUw=="
      }
    }
  }
}