{
  "version": 1,
  "dependencies": {
    ".NETFramework,Version=v4.0": {
      "Iesi.Collections": {
        "type": "Direct",
        "requested": "[3.3.2.4000, 3.3.2.4000]",
        "resolved": "3.3.2.4000",
        "contentHash": "WUMFrYv59y37WrDzSBtm3K2nCd5+OtC+Wz0R1HOU1ucA1Tfua1HuPy3cpwKdsukMPjtNBSYOFM1HsA9te/dEkg=="
      }
    }
  }
}